// !$*UTF8*$!
{
	archiveVersion = 1;
	classes = {
	};
	objectVersion = 56;
	objects = {

/* Begin PBXBuildFile section */
		8D80124D2AD22B8000DC7D8B /* TopDownPoseEstimationApp.swift in Sources */ = {isa = PBXBuildFile; fileRef = 8D80124C2AD22B8000DC7D8B /* TopDownPoseEstimationApp.swift */; };
		8D80124F2AD22B8000DC7D8B /* ContentView.swift in Sources */ = {isa = PBXBuildFile; fileRef = 8D80124E2AD22B8000DC7D8B /* ContentView.swift */; };
		8D8012512AD22B8200DC7D8B /* Assets.xcassets in Resources */ = {isa = PBXBuildFile; fileRef = 8D8012502AD22B8200DC7D8B /* Assets.xcassets */; };
		8D8012542AD22B8200DC7D8B /* Preview Assets.xcassets in Resources */ = {isa = PBXBuildFile; fileRef = 8D8012532AD22B8200DC7D8B /* Preview Assets.xcassets */; };
		8D80127F2AD22E0C00DC7D8B /* PoseEstimation.swift in Sources */ = {isa = PBXBuildFile; fileRef = 8D80127E2AD22E0C00DC7D8B /* PoseEstimation.swift */; };
		8D8012852AD22EF500DC7D8B /* ObjectDetaction.swift in Sources */ = {isa = PBXBuildFile; fileRef = 8D8012842AD22EF500DC7D8B /* ObjectDetaction.swift */; };
		8D8012882AD22F5D00DC7D8B /* vitpose-b256x192_fp16.mlmodel in Sources */ = {isa = PBXBuildFile; fileRef = 8D8012862AD22F5D00DC7D8B /* vitpose-b256x192_fp16.mlmodel */; };
		8D8012892AD22F5D00DC7D8B /* yolov7-tiny_fp16.mlmodel in Sources */ = {isa = PBXBuildFile; fileRef = 8D8012872AD22F5D00DC7D8B /* yolov7-tiny_fp16.mlmodel */; };
		8D80128B2AD22F7C00DC7D8B /* test.jpg in Resources */ = {isa = PBXBuildFile; fileRef = 8D80128A2AD22F7C00DC7D8B /* test.jpg */; };
		8D865C7D2AD29204003A63E2 /* KeypointProcess.swift in Sources */ = {isa = PBXBuildFile; fileRef = 8D865C7C2AD29204003A63E2 /* KeypointProcess.swift */; };
		8D8EA7802AD4317C007804CA /* vitpose_s256x192_wholebody_fp16.mlmodel in Sources */ = {isa = PBXBuildFile; fileRef = 8D8EA77F2AD4317C007804CA /* vitpose_s256x192_wholebody_fp16.mlmodel */; };
		8D9095E12AD2D15B00411D0E /* PoseRender.swift in Sources */ = {isa = PBXBuildFile; fileRef = 8D9095E02AD2D15B00411D0E /* PoseRender.swift */; };
/* End PBXBuildFile section */

/* Begin PBXFileReference section */
		8D8012492AD22B8000DC7D8B /* TopDownPoseEstimation.app */ = {isa = PBXFileReference; explicitFileType = wrapper.application; includeInIndex = 0; path = TopDownPoseEstimation.app; sourceTree = BUILT_PRODUCTS_DIR; };
		8D80124C2AD22B8000DC7D8B /* TopDownPoseEstimationApp.swift */ = {isa = PBXFileReference; lastKnownFileType = sourcecode.swift; path = TopDownPoseEstimationApp.swift; sourceTree = "<group>"; };
		8D80124E2AD22B8000DC7D8B /* ContentView.swift */ = {isa = PBXFileReference; lastKnownFileType = sourcecode.swift; path = ContentView.swift; sourceTree = "<group>"; };
		8D8012502AD22B8200DC7D8B /* Assets.xcassets */ = {isa = PBXFileReference; lastKnownFileType = folder.assetcatalog; path = Assets.xcassets; sourceTree = "<group>"; };
		8D8012532AD22B8200DC7D8B /* Preview Assets.xcassets */ = {isa = PBXFileReference; lastKnownFileType = folder.assetcatalog; path = "Preview Assets.xcassets"; sourceTree = "<group>"; };
		8D80127E2AD22E0C00DC7D8B /* PoseEstimation.swift */ = {isa = PBXFileReference; lastKnownFileType = sourcecode.swift; path = PoseEstimation.swift; sourceTree = "<group>"; };
		8D8012842AD22EF500DC7D8B /* ObjectDetaction.swift */ = {isa = PBXFileReference; fileEncoding = 4; lastKnownFileType = sourcecode.swift; path = ObjectDetaction.swift; sourceTree = "<group>"; };
		8D8012862AD22F5D00DC7D8B /* vitpose-b256x192_fp16.mlmodel */ = {isa = PBXFileReference; lastKnownFileType = file.mlmodel; path = "vitpose-b256x192_fp16.mlmodel"; sourceTree = "<group>"; };
		8D8012872AD22F5D00DC7D8B /* yolov7-tiny_fp16.mlmodel */ = {isa = PBXFileReference; lastKnownFileType = file.mlmodel; path = "yolov7-tiny_fp16.mlmodel"; sourceTree = "<group>"; };
		8D80128A2AD22F7C00DC7D8B /* test.jpg */ = {isa = PBXFileReference; lastKnownFileType = image.jpeg; path = test.jpg; sourceTree = "<group>"; };
		8D865C7C2AD29204003A63E2 /* KeypointProcess.swift */ = {isa = PBXFileReference; lastKnownFileType = sourcecode.swift; path = KeypointProcess.swift; sourceTree = "<group>"; };
		8D8EA77F2AD4317C007804CA /* vitpose_s256x192_wholebody_fp16.mlmodel */ = {isa = PBXFileReference; lastKnownFileType = file.mlmodel; path = vitpose_s256x192_wholebody_fp16.mlmodel; sourceTree = "<group>"; };
		8D9095E02AD2D15B00411D0E /* PoseRender.swift */ = {isa = PBXFileReference; lastKnownFileType = sourcecode.swift; path = PoseRender.swift; sourceTree = "<group>"; };
/* End PBXFileReference section */

/* Begin PBXFrameworksBuildPhase section */
		8D8012462AD22B8000DC7D8B /* Frameworks */ = {
			isa = PBXFrameworksBuildPhase;
			buildActionMask = 2147483647;
			files = (
			);
			runOnlyForDeploymentPostprocessing = 0;
		};
/* End PBXFrameworksBuildPhase section */

/* Begin PBXGroup section */
		8D8012402AD22B8000DC7D8B = {
			isa = PBXGroup;
			children = (
				8D80124B2AD22B8000DC7D8B /* TopDownPoseEstimation */,
				8D80124A2AD22B8000DC7D8B /* Products */,
				8D8012772AD22DB800DC7D8B /* Frameworks */,
			);
			sourceTree = "<group>";
		};
		8D80124A2AD22B8000DC7D8B /* Products */ = {
			isa = PBXGroup;
			children = (
				8D8012492AD22B8000DC7D8B /* TopDownPoseEstimation.app */,
			);
			name = Products;
			sourceTree = "<group>";
		};
		8D80124B2AD22B8000DC7D8B /* TopDownPoseEstimation */ = {
			isa = PBXGroup;
			children = (
				8D80124C2AD22B8000DC7D8B /* TopDownPoseEstimationApp.swift */,
				8D80124E2AD22B8000DC7D8B /* ContentView.swift */,
				8D8012842AD22EF500DC7D8B /* ObjectDetaction.swift */,
				8D80127E2AD22E0C00DC7D8B /* PoseEstimation.swift */,
				8D865C7C2AD29204003A63E2 /* KeypointProcess.swift */,
				8D9095E02AD2D15B00411D0E /* PoseRender.swift */,
				8D80128A2AD22F7C00DC7D8B /* test.jpg */,
				8D8012862AD22F5D00DC7D8B /* vitpose-b256x192_fp16.mlmodel */,
				8D8EA77F2AD4317C007804CA /* vitpose_s256x192_wholebody_fp16.mlmodel */,
				8D8012872AD22F5D00DC7D8B /* yolov7-tiny_fp16.mlmodel */,
				8D8012502AD22B8200DC7D8B /* Assets.xcassets */,
				8D8012522AD22B8200DC7D8B /* Preview Content */,
			);
			path = TopDownPoseEstimation;
			sourceTree = "<group>";
		};
		8D8012522AD22B8200DC7D8B /* Preview Content */ = {
			isa = PBXGroup;
			children = (
				8D8012532AD22B8200DC7D8B /* Preview Assets.xcassets */,
			);
			path = "Preview Content";
			sourceTree = "<group>";
		};
		8D8012772AD22DB800DC7D8B /* Frameworks */ = {
			isa = PBXGroup;
			children = (
			);
			name = Frameworks;
			sourceTree = "<group>";
		};
/* End PBXGroup section */

/* Begin PBXNativeTarget section */
		8D8012482AD22B8000DC7D8B /* TopDownPoseEstimation */ = {
			isa = PBXNativeTarget;
			buildConfigurationList = 8D80126D2AD22B8200DC7D8B /* Build configuration list for PBXNativeTarget "TopDownPoseEstimation" */;
			buildPhases = (
				8D8012452AD22B8000DC7D8B /* Sources */,
				8D8012462AD22B8000DC7D8B /* Frameworks */,
				8D8012472AD22B8000DC7D8B /* Resources */,
			);
			buildRules = (
			);
			dependencies = (
			);
			name = TopDownPoseEstimation;
			packageProductDependencies = (
			);
			productName = TopDownPoseEstimation;
			productReference = 8D8012492AD22B8000DC7D8B /* TopDownPoseEstimation.app */;
			productType = "com.apple.product-type.application";
		};
/* End PBXNativeTarget section */

/* Begin PBXProject section */
		8D8012412AD22B8000DC7D8B /* Project object */ = {
			isa = PBXProject;
			attributes = {
				BuildIndependentTargetsInParallel = 1;
				LastSwiftUpdateCheck = 1500;
				LastUpgradeCheck = 1500;
				TargetAttributes = {
					8D8012482AD22B8000DC7D8B = {
						CreatedOnToolsVersion = 15.0;
					};
				};
			};
			buildConfigurationList = 8D8012442AD22B8000DC7D8B /* Build configuration list for PBXProject "TopDownPoseEstimation" */;
			compatibilityVersion = "Xcode 14.0";
			developmentRegion = en;
			hasScannedForEncodings = 0;
			knownRegions = (
				en,
				Base,
			);
			mainGroup = 8D8012402AD22B8000DC7D8B;
			productRefGroup = 8D80124A2AD22B8000DC7D8B /* Products */;
			projectDirPath = "";
			projectRoot = "";
			targets = (
				8D8012482AD22B8000DC7D8B /* TopDownPoseEstimation */,
			);
		};
/* End PBXProject section */

/* Begin PBXResourcesBuildPhase section */
		8D8012472AD22B8000DC7D8B /* Resources */ = {
			isa = PBXResourcesBuildPhase;
			buildActionMask = 2147483647;
			files = (
				8D8012542AD22B8200DC7D8B /* Preview Assets.xcassets in Resources */,
				8D80128B2AD22F7C00DC7D8B /* test.jpg in Resources */,
				8D8012512AD22B8200DC7D8B /* Assets.xcassets in Resources */,
			);
			runOnlyForDeploymentPostprocessing = 0;
		};
/* End PBXResourcesBuildPhase section */

/* Begin PBXSourcesBuildPhase section */
		8D8012452AD22B8000DC7D8B /* Sources */ = {
			isa = PBXSourcesBuildPhase;
			buildActionMask = 2147483647;
			files = (
				8D80124F2AD22B8000DC7D8B /* ContentView.swift in Sources */,
				8D80124D2AD22B8000DC7D8B /* TopDownPoseEstimationApp.swift in Sources */,
				8D8012892AD22F5D00DC7D8B /* yolov7-tiny_fp16.mlmodel in Sources */,
				8D8EA7802AD4317C007804CA /* vitpose_s256x192_wholebody_fp16.mlmodel in Sources */,
				8D865C7D2AD29204003A63E2 /* KeypointProcess.swift in Sources */,
				8D8012882AD22F5D00DC7D8B /* vitpose-b256x192_fp16.mlmodel in Sources */,
				8D80127F2AD22E0C00DC7D8B /* PoseEstimation.swift in Sources */,
				8D8012852AD22EF500DC7D8B /* ObjectDetaction.swift in Sources */,
				8D9095E12AD2D15B00411D0E /* PoseRender.swift in Sources */,
			);
			runOnlyForDeploymentPostprocessing = 0;
		};
/* End PBXSourcesBuildPhase section */

/* Begin XCBuildConfiguration section */
		8D80126B2AD22B8200DC7D8B /* Debug */ = {
			isa = XCBuildConfiguration;
			buildSettings = {
				ALWAYS_SEARCH_USER_PATHS = NO;
				ASSETCATALOG_COMPILER_GENERATE_SWIFT_ASSET_SYMBOL_EXTENSIONS = YES;
				CLANG_ANALYZER_NONNULL = YES;
				CLANG_ANALYZER_NUMBER_OBJECT_CONVERSION = YES_AGGRESSIVE;
				CLANG_CXX_LANGUAGE_STANDARD = "gnu++20";
				CLANG_ENABLE_MODULES = YES;
				CLANG_ENABLE_OBJC_ARC = YES;
				CLANG_ENABLE_OBJC_WEAK = YES;
				CLANG_WARN_BLOCK_CAPTURE_AUTORELEASING = YES;
				CLANG_WARN_BOOL_CONVERSION = YES;
				CLANG_WARN_COMMA = YES;
				CLANG_WARN_CONSTANT_CONVERSION = YES;
				CLANG_WARN_DEPRECATED_OBJC_IMPLEMENTATIONS = YES;
				CLANG_WARN_DIRECT_OBJC_ISA_USAGE = YES_ERROR;
				CLANG_WARN_DOCUMENTATION_COMMENTS = YES;
				CLANG_WARN_EMPTY_BODY = YES;
				CLANG_WARN_ENUM_CONVERSION = YES;
				CLANG_WARN_INFINITE_RECURSION = YES;
				CLANG_WARN_INT_CONVERSION = YES;
				CLANG_WARN_NON_LITERAL_NULL_CONVERSION = YES;
				CLANG_WARN_OBJC_IMPLICIT_RETAIN_SELF = YES;
				CLANG_WARN_OBJC_LITERAL_CONVERSION = YES;
				CLANG_WARN_OBJC_ROOT_CLASS = YES_ERROR;
				CLANG_WARN_QUOTED_INCLUDE_IN_FRAMEWORK_HEADER = YES;
				CLANG_WARN_RANGE_LOOP_ANALYSIS = YES;
				CLANG_WARN_STRICT_PROTOTYPES = YES;
				CLANG_WARN_SUSPICIOUS_MOVE = YES;
				CLANG_WARN_UNGUARDED_AVAILABILITY = YES_AGGRESSIVE;
				CLANG_WARN_UNREACHABLE_CODE = YES;
				CLANG_WARN__DUPLICATE_METHOD_MATCH = YES;
				COPY_PHASE_STRIP = NO;
				DEBUG_INFORMATION_FORMAT = dwarf;
				ENABLE_STRICT_OBJC_MSGSEND = YES;
				ENABLE_TESTABILITY = YES;
				ENABLE_USER_SCRIPT_SANDBOXING = YES;
				GCC_C_LANGUAGE_STANDARD = gnu17;
				GCC_DYNAMIC_NO_PIC = NO;
				GCC_NO_COMMON_BLOCKS = YES;
				GCC_OPTIMIZATION_LEVEL = 0;
				GCC_PREPROCESSOR_DEFINITIONS = (
					"DEBUG=1",
					"$(inherited)",
				);
				GCC_WARN_64_TO_32_BIT_CONVERSION = YES;
				GCC_WARN_ABOUT_RETURN_TYPE = YES_ERROR;
				GCC_WARN_UNDECLARED_SELECTOR = YES;
				GCC_WARN_UNINITIALIZED_AUTOS = YES_AGGRESSIVE;
				GCC_WARN_UNUSED_FUNCTION = YES;
				GCC_WARN_UNUSED_VARIABLE = YES;
				IPHONEOS_DEPLOYMENT_TARGET = 17.0;
				LOCALIZATION_PREFERS_STRING_CATALOGS = YES;
				MTL_ENABLE_DEBUG_INFO = INCLUDE_SOURCE;
				MTL_FAST_MATH = YES;
				ONLY_ACTIVE_ARCH = YES;
				SDKROOT = iphoneos;
				SWIFT_ACTIVE_COMPILATION_CONDITIONS = "DEBUG $(inherited)";
				SWIFT_OPTIMIZATION_LEVEL = "-Onone";
			};
			name = Debug;
		};
		8D80126C2AD22B8200DC7D8B /* Release */ = {
			isa = XCBuildConfiguration;
			buildSettings = {
				ALWAYS_SEARCH_USER_PATHS = NO;
				ASSETCATALOG_COMPILER_GENERATE_SWIFT_ASSET_SYMBOL_EXTENSIONS = YES;
				CLANG_ANALYZER_NONNULL = YES;
				CLANG_ANALYZER_NUMBER_OBJECT_CONVERSION = YES_AGGRESSIVE;
				CLANG_CXX_LANGUAGE_STANDARD = "gnu++20";
				CLANG_ENABLE_MODULES = YES;
				CLANG_ENABLE_OBJC_ARC = YES;
				CLANG_ENABLE_OBJC_WEAK = YES;
				CLANG_WARN_BLOCK_CAPTURE_AUTORELEASING = YES;
				CLANG_WARN_BOOL_CONVERSION = YES;
				CLANG_WARN_COMMA = YES;
				CLANG_WARN_CONSTANT_CONVERSION = YES;
				CLANG_WARN_DEPRECATED_OBJC_IMPLEMENTATIONS = YES;
				CLANG_WARN_DIRECT_OBJC_ISA_USAGE = YES_ERROR;
				CLANG_WARN_DOCUMENTATION_COMMENTS = YES;
				CLANG_WARN_EMPTY_BODY = YES;
				CLANG_WARN_ENUM_CONVERSION = YES;
				CLANG_WARN_INFINITE_RECURSION = YES;
				CLANG_WARN_INT_CONVERSION = YES;
				CLANG_WARN_NON_LITERAL_NULL_CONVERSION = YES;
				CLANG_WARN_OBJC_IMPLICIT_RETAIN_SELF = YES;
				CLANG_WARN_OBJC_LITERAL_CONVERSION = YES;
				CLANG_WARN_OBJC_ROOT_CLASS = YES_ERROR;
				CLANG_WARN_QUOTED_INCLUDE_IN_FRAMEWORK_HEADER = YES;
				CLANG_WARN_RANGE_LOOP_ANALYSIS = YES;
				CLANG_WARN_STRICT_PROTOTYPES = YES;
				CLANG_WARN_SUSPICIOUS_MOVE = YES;
				CLANG_WARN_UNGUARDED_AVAILABILITY = YES_AGGRESSIVE;
				CLANG_WARN_UNREACHABLE_CODE = YES;
				CLANG_WARN__DUPLICATE_METHOD_MATCH = YES;
				COPY_PHASE_STRIP = NO;
				DEBUG_INFORMATION_FORMAT = "dwarf-with-dsym";
				ENABLE_NS_ASSERTIONS = NO;
				ENABLE_STRICT_OBJC_MSGSEND = YES;
				ENABLE_USER_SCRIPT_SANDBOXING = YES;
				GCC_C_LANGUAGE_STANDARD = gnu17;
				GCC_NO_COMMON_BLOCKS = YES;
				GCC_WARN_64_TO_32_BIT_CONVERSION = YES;
				GCC_WARN_ABOUT_RETURN_TYPE = YES_ERROR;
				GCC_WARN_UNDECLARED_SELECTOR = YES;
				GCC_WARN_UNINITIALIZED_AUTOS = YES_AGGRESSIVE;
				GCC_WARN_UNUSED_FUNCTION = YES;
				GCC_WARN_UNUSED_VARIABLE = YES;
				IPHONEOS_DEPLOYMENT_TARGET = 17.0;
				LOCALIZATION_PREFERS_STRING_CATALOGS = YES;
				MTL_ENABLE_DEBUG_INFO = NO;
				MTL_FAST_MATH = YES;
				SDKROOT = iphoneos;
				SWIFT_COMPILATION_MODE = wholemodule;
				VALIDATE_PRODUCT = YES;
			};
			name = Release;
		};
		8D80126E2AD22B8200DC7D8B /* Debug */ = {
			isa = XCBuildConfiguration;
			buildSettings = {
				ASSETCATALOG_COMPILER_APPICON_NAME = AppIcon;
				ASSETCATALOG_COMPILER_GLOBAL_ACCENT_COLOR_NAME = AccentColor;
				CODE_SIGN_STYLE = Automatic;
				CURRENT_PROJECT_VERSION = 1;
				DEVELOPMENT_ASSET_PATHS = "\"TopDownPoseEstimation/Preview Content\"";
				DEVELOPMENT_TEAM = 9D57EBVY9S;
				ENABLE_PREVIEWS = YES;
				GENERATE_INFOPLIST_FILE = YES;
				INFOPLIST_KEY_UIApplicationSceneManifest_Generation = YES;
				INFOPLIST_KEY_UIApplicationSupportsIndirectInputEvents = YES;
				INFOPLIST_KEY_UILaunchScreen_Generation = YES;
				INFOPLIST_KEY_UISupportedInterfaceOrientations_iPad = "UIInterfaceOrientationPortrait UIInterfaceOrientationPortraitUpsideDown UIInterfaceOrientationLandscapeLeft UIInterfaceOrientationLandscapeRight";
				INFOPLIST_KEY_UISupportedInterfaceOrientations_iPhone = "UIInterfaceOrientationPortrait UIInterfaceOrientationLandscapeLeft UIInterfaceOrientationLandscapeRight";
				LD_RUNPATH_SEARCH_PATHS = (
					"$(inherited)",
					"@executable_path/Frameworks",
				);
				MARKETING_VERSION = 1.0;
				PRODUCT_BUNDLE_IDENTIFIER = jp.otmb.example.TopDownPoseEstimation;
				PRODUCT_NAME = "$(TARGET_NAME)";
				SWIFT_EMIT_LOC_STRINGS = YES;
				SWIFT_VERSION = 5.0;
				TARGETED_DEVICE_FAMILY = "1,2";
			};
			name = Debug;
		};
		8D80126F2AD22B8200DC7D8B /* Release */ = {
			isa = XCBuildConfiguration;
			buildSettings = {
				ASSETCATALOG_COMPILER_APPICON_NAME = AppIcon;
				ASSETCATALOG_COMPILER_GLOBAL_ACCENT_COLOR_NAME = AccentColor;
				CODE_SIGN_STYLE = Automatic;
				CURRENT_PROJECT_VERSION = 1;
				DEVELOPMENT_ASSET_PATHS = "\"TopDownPoseEstimation/Preview Content\"";
				DEVELOPMENT_TEAM = 9D57EBVY9S;
				ENABLE_PREVIEWS = YES;
				GENERATE_INFOPLIST_FILE = YES;
				INFOPLIST_KEY_UIApplicationSceneManifest_Generation = YES;
				INFOPLIST_KEY_UIApplicationSupportsIndirectInputEvents = YES;
				INFOPLIST_KEY_UILaunchScreen_Generation = YES;
				INFOPLIST_KEY_UISupportedInterfaceOrientations_iPad = "UIInterfaceOrientationPortrait UIInterfaceOrientationPortraitUpsideDown UIInterfaceOrientationLandscapeLeft UIInterfaceOrientationLandscapeRight";
				INFOPLIST_KEY_UISupportedInterfaceOrientations_iPhone = "UIInterfaceOrientationPortrait UIInterfaceOrientationLandscapeLeft UIInterfaceOrientationLandscapeRight";
				LD_RUNPATH_SEARCH_PATHS = (
					"$(inherited)",
					"@executable_path/Frameworks",
				);
				MARKETING_VERSION = 1.0;
				PRODUCT_BUNDLE_IDENTIFIER = jp.otmb.example.TopDownPoseEstimation;
				PRODUCT_NAME = "$(TARGET_NAME)";
				SWIFT_EMIT_LOC_STRINGS = YES;
				SWIFT_VERSION = 5.0;
				TARGETED_DEVICE_FAMILY = "1,2";
			};
			name = Release;
		};
/* End XCBuildConfiguration section */

/* Begin XCConfigurationList section */
		8D8012442AD22B8000DC7D8B /* Build configuration list for PBXProject "TopDownPoseEstimation" */ = {
			isa = XCConfigurationList;
			buildConfigurations = (
				8D80126B2AD22B8200DC7D8B /* Debug */,
				8D80126C2AD22B8200DC7D8B /* Release */,
			);
			defaultConfigurationIsVisible = 0;
			defaultConfigurationName = Release;
		};
		8D80126D2AD22B8200DC7D8B /* Build configuration list for PBXNativeTarget "TopDownPoseEstimation" */ = {
			isa = XCConfigurationList;
			buildConfigurations = (
				8D80126E2AD22B8200DC7D8B /* Debug */,
				8D80126F2AD22B8200DC7D8B /* Release */,
			);
			defaultConfigurationIsVisible = 0;
			defaultConfigurationName = Release;
		};
/* End XCConfigurationList section */
	};
	rootObject = 8D8012412AD22B8000DC7D8B /* Project object */;
}
